
Microsoft Visual Studio Solution File, Format Version 10.00
# Visual Studio 2008
Project("{FAE04EC0-301F-11D3-BF4B-00C04F79EFBC}") = "eTerm.AsyncSDK3.0", "eTerm.AsyncSDK3.0\eTerm.AsyncSDK3.0.csproj", "{62D432A2-DEB0-415A-85DB-7FFDAAA5EB47}"
EndProject
Project("{FAE04EC0-301F-11D3-BF4B-00C04F79EFBC}") = "AsyncSDK3.0Tst", "AsyncSDK3.0Tst\AsyncSDK3.0Tst.csproj", "{F8875DE0-7710-49D0-8B48-7239C1C0151F}"
EndProject
Project("{2150E333-8FDC-42A3-9474-1A3956D46DE8}") = "Reference", "Reference", "{D451D6F4-34DA-4A49-9B67-9817399A12BA}"
	ProjectSection(SolutionItems) = preProject
		Reference\ASync.eTermAddIn.AddIn = Reference\ASync.eTermAddIn.AddIn
		Reference\ASync.eTermPlugIn.PlugIn = Reference\ASync.eTermPlugIn.PlugIn
		Reference\ASync.MiddleWare.dll = Reference\ASync.MiddleWare.dll
		Reference\eTerm.AsyncSDK.dll = Reference\eTerm.AsyncSDK.dll
		Reference\SubSonic.Core.dll = Reference\SubSonic.Core.dll
	EndProjectSection
EndProject
Project("{FAE04EC0-301F-11D3-BF4B-00C04F79EFBC}") = "AsyncAPI3.0Tst", "AsyncAPI3.0Tst\AsyncAPI3.0Tst.csproj", "{8E17BE7D-60E3-46E7-BB31-70B23FAFD95B}"
EndProject
Project("{FAE04EC0-301F-11D3-BF4B-00C04F79EFBC}") = "eTerm.AsynClientSDK3.0", "eTerm.AsynClientSDK3.0\eTerm.AsynClientSDK3.0.csproj", "{88A7ABE1-8AEB-4E8C-92C9-0FFFB8F70421}"
EndProject
Project("{FAE04EC0-301F-11D3-BF4B-00C04F79EFBC}") = "AsyncSDK", "AsyncSDK\AsyncSDK.csproj", "{B4AA8F82-E30B-4F58-B030-FEB6B6588788}"
EndProject
Project("{FAE04EC0-301F-11D3-BF4B-00C04F79EFBC}") = "ASync.MiddleWare", "ASync.MiddleWare\ASync.MiddleWare.csproj", "{5698B3F7-3386-454C-A5ED-49AB6519F659}"
EndProject
Project("{FAE04EC0-301F-11D3-BF4B-00C04F79EFBC}") = "ASync.eTermAddIn", "ASync.eTermAddIn\ASync.eTermAddIn.csproj", "{D76BBAD6-9E85-4DA1-87E0-4C281546EB63}"
EndProject
Project("{FAE04EC0-301F-11D3-BF4B-00C04F79EFBC}") = "ASync.eTermPlugIn", "ASync.eTermPlugIn\ASync.eTermPlugIn.csproj", "{D80776C3-538D-4A77-8FCA-D4A88ECD982B}"
EndProject
Project("{FAE04EC0-301F-11D3-BF4B-00C04F79EFBC}") = "ASync.eTermBuilder", "ASync.eTermBuilder\ASync.eTermBuilder.csproj", "{3C737B5A-D70F-4D67-A314-24C390780617}"
EndProject
Project("{FAE04EC0-301F-11D3-BF4B-00C04F79EFBC}") = "eTerm.SynClientSDK", "eTerm.SynClientSDK\eTerm.SynClientSDK.csproj", "{33BC6184-59FC-4E59-9F5B-58AA6ECC1812}"
EndProject
Project("{FAE04EC0-301F-11D3-BF4B-00C04F79EFBC}") = "ASync.eTermCommand", "ASync.eTermCommand\ASync.eTermCommand.csproj", "{79009B83-260A-4DE9-9251-88A4E9B12250}"
EndProject
Project("{FAE04EC0-301F-11D3-BF4B-00C04F79EFBC}") = "ASync.WeatherPlugIn", "ASync.WeatherPlugIn\ASync.WeatherPlugIn.csproj", "{2B359B2A-50ED-45B3-8BF4-C0AE3E776DFF}"
EndProject
Project("{FAE04EC0-301F-11D3-BF4B-00C04F79EFBC}") = "ASyncSDK.Office", "ASyncSDK.Office\ASyncSDK.Office.csproj", "{1947F296-7BBD-4B45-92B1-3E7C141AD0B3}"
EndProject
Project("{FAE04EC0-301F-11D3-BF4B-00C04F79EFBC}") = "ASync.AutoUpdater", "ASync.AutoUpdater\ASync.AutoUpdater.csproj", "{CA1364A8-23EF-4721-8AA6-89F73C271AB8}"
EndProject
Global
	GlobalSection(SubversionScc) = preSolution
		Svn-Managed = True
		Manager = AnkhSVN - Subversion Support for Visual Studio
	EndGlobalSection
	GlobalSection(SolutionConfigurationPlatforms) = preSolution
		Debug|Any CPU = Debug|Any CPU
		Release|Any CPU = Release|Any CPU
	EndGlobalSection
	GlobalSection(ProjectConfigurationPlatforms) = postSolution
		{62D432A2-DEB0-415A-85DB-7FFDAAA5EB47}.Debug|Any CPU.ActiveCfg = Release|Any CPU
		{62D432A2-DEB0-415A-85DB-7FFDAAA5EB47}.Debug|Any CPU.Build.0 = Release|Any CPU
		{62D432A2-DEB0-415A-85DB-7FFDAAA5EB47}.Release|Any CPU.ActiveCfg = Release|Any CPU
		{62D432A2-DEB0-415A-85DB-7FFDAAA5EB47}.Release|Any CPU.Build.0 = Release|Any CPU
		{F8875DE0-7710-49D0-8B48-7239C1C0151F}.Debug|Any CPU.ActiveCfg = Release|Any CPU
		{F8875DE0-7710-49D0-8B48-7239C1C0151F}.Debug|Any CPU.Build.0 = Release|Any CPU
		{F8875DE0-7710-49D0-8B48-7239C1C0151F}.Release|Any CPU.ActiveCfg = Release|Any CPU
		{F8875DE0-7710-49D0-8B48-7239C1C0151F}.Release|Any CPU.Build.0 = Release|Any CPU
		{8E17BE7D-60E3-46E7-BB31-70B23FAFD95B}.Debug|Any CPU.ActiveCfg = Release|Any CPU
		{8E17BE7D-60E3-46E7-BB31-70B23FAFD95B}.Debug|Any CPU.Build.0 = Release|Any CPU
		{8E17BE7D-60E3-46E7-BB31-70B23FAFD95B}.Release|Any CPU.ActiveCfg = Release|Any CPU
		{8E17BE7D-60E3-46E7-BB31-70B23FAFD95B}.Release|Any CPU.Build.0 = Release|Any CPU
		{88A7ABE1-8AEB-4E8C-92C9-0FFFB8F70421}.Debug|Any CPU.ActiveCfg = Release|Any CPU
		{88A7ABE1-8AEB-4E8C-92C9-0FFFB8F70421}.Debug|Any CPU.Build.0 = Release|Any CPU
		{88A7ABE1-8AEB-4E8C-92C9-0FFFB8F70421}.Release|Any CPU.ActiveCfg = Release|Any CPU
		{88A7ABE1-8AEB-4E8C-92C9-0FFFB8F70421}.Release|Any CPU.Build.0 = Release|Any CPU
		{B4AA8F82-E30B-4F58-B030-FEB6B6588788}.Debug|Any CPU.ActiveCfg = Release|Any CPU
		{B4AA8F82-E30B-4F58-B030-FEB6B6588788}.Debug|Any CPU.Build.0 = Release|Any CPU
		{B4AA8F82-E30B-4F58-B030-FEB6B6588788}.Release|Any CPU.ActiveCfg = Release|Any CPU
		{B4AA8F82-E30B-4F58-B030-FEB6B6588788}.Release|Any CPU.Build.0 = Release|Any CPU
		{5698B3F7-3386-454C-A5ED-49AB6519F659}.Debug|Any CPU.ActiveCfg = Release|Any CPU
		{5698B3F7-3386-454C-A5ED-49AB6519F659}.Debug|Any CPU.Build.0 = Release|Any CPU
		{5698B3F7-3386-454C-A5ED-49AB6519F659}.Release|Any CPU.ActiveCfg = Release|Any CPU
		{5698B3F7-3386-454C-A5ED-49AB6519F659}.Release|Any CPU.Build.0 = Release|Any CPU
		{D76BBAD6-9E85-4DA1-87E0-4C281546EB63}.Debug|Any CPU.ActiveCfg = Release|Any CPU
		{D76BBAD6-9E85-4DA1-87E0-4C281546EB63}.Debug|Any CPU.Build.0 = Release|Any CPU
		{D76BBAD6-9E85-4DA1-87E0-4C281546EB63}.Release|Any CPU.ActiveCfg = Release|Any CPU
		{D76BBAD6-9E85-4DA1-87E0-4C281546EB63}.Release|Any CPU.Build.0 = Release|Any CPU
		{D80776C3-538D-4A77-8FCA-D4A88ECD982B}.Debug|Any CPU.ActiveCfg = Release|Any CPU
		{D80776C3-538D-4A77-8FCA-D4A88ECD982B}.Debug|Any CPU.Build.0 = Release|Any CPU
		{D80776C3-538D-4A77-8FCA-D4A88ECD982B}.Release|Any CPU.ActiveCfg = Release|Any CPU
		{D80776C3-538D-4A77-8FCA-D4A88ECD982B}.Release|Any CPU.Build.0 = Release|Any CPU
		{3C737B5A-D70F-4D67-A314-24C390780617}.Debug|Any CPU.ActiveCfg = Release|Any CPU
		{3C737B5A-D70F-4D67-A314-24C390780617}.Debug|Any CPU.Build.0 = Release|Any CPU
		{3C737B5A-D70F-4D67-A314-24C390780617}.Release|Any CPU.ActiveCfg = Release|Any CPU
		{3C737B5A-D70F-4D67-A314-24C390780617}.Release|Any CPU.Build.0 = Release|Any CPU
		{33BC6184-59FC-4E59-9F5B-58AA6ECC1812}.Debug|Any CPU.ActiveCfg = Release|Any CPU
		{33BC6184-59FC-4E59-9F5B-58AA6ECC1812}.Debug|Any CPU.Build.0 = Release|Any CPU
		{33BC6184-59FC-4E59-9F5B-58AA6ECC1812}.Release|Any CPU.ActiveCfg = Release|Any CPU
		{33BC6184-59FC-4E59-9F5B-58AA6ECC1812}.Release|Any CPU.Build.0 = Release|Any CPU
		{79009B83-260A-4DE9-9251-88A4E9B12250}.Debug|Any CPU.ActiveCfg = Release|Any CPU
		{79009B83-260A-4DE9-9251-88A4E9B12250}.Debug|Any CPU.Build.0 = Release|Any CPU
		{79009B83-260A-4DE9-9251-88A4E9B12250}.Release|Any CPU.ActiveCfg = Release|Any CPU
		{79009B83-260A-4DE9-9251-88A4E9B12250}.Release|Any CPU.Build.0 = Release|Any CPU
		{2B359B2A-50ED-45B3-8BF4-C0AE3E776DFF}.Debug|Any CPU.ActiveCfg = Release|Any CPU
		{2B359B2A-50ED-45B3-8BF4-C0AE3E776DFF}.Debug|Any CPU.Build.0 = Release|Any CPU
		{2B359B2A-50ED-45B3-8BF4-C0AE3E776DFF}.Release|Any CPU.ActiveCfg = Release|Any CPU
		{2B359B2A-50ED-45B3-8BF4-C0AE3E776DFF}.Release|Any CPU.Build.0 = Release|Any CPU
		{1947F296-7BBD-4B45-92B1-3E7C141AD0B3}.Debug|Any CPU.ActiveCfg = Release|Any CPU
		{1947F296-7BBD-4B45-92B1-3E7C141AD0B3}.Debug|Any CPU.Build.0 = Release|Any CPU
		{1947F296-7BBD-4B45-92B1-3E7C141AD0B3}.Release|Any CPU.ActiveCfg = Release|Any CPU
		{1947F296-7BBD-4B45-92B1-3E7C141AD0B3}.Release|Any CPU.Build.0 = Release|Any CPU
		{CA1364A8-23EF-4721-8AA6-89F73C271AB8}.Debug|Any CPU.ActiveCfg = Release|Any CPU
		{CA1364A8-23EF-4721-8AA6-89F73C271AB8}.Debug|Any CPU.Build.0 = Release|Any CPU
		{CA1364A8-23EF-4721-8AA6-89F73C271AB8}.Release|Any CPU.ActiveCfg = Release|Any CPU
		{CA1364A8-23EF-4721-8AA6-89F73C271AB8}.Release|Any CPU.Build.0 = Release|Any CPU
	EndGlobalSection
	GlobalSection(SolutionProperties) = preSolution
		HideSolutionNode = FALSE
	EndGlobalSection
EndGlobal
